// !$*UTF8*$!
{
	archiveVersion = 1;
	classes = {
	};
	objectVersion = 56;
	objects = {

/* Begin PBXBuildFile section */
		EB0706D72A5E220A008E9F92 /* LearnIOSApp.swift in Sources */ = {isa = PBXBuildFile; fileRef = EB0706D62A5E220A008E9F92 /* LearnIOSApp.swift */; };
		EB0706DB2A5E220C008E9F92 /* Assets.xcassets in Resources */ = {isa = PBXBuildFile; fileRef = EB0706DA2A5E220C008E9F92 /* Assets.xcassets */; };
		EB0706DE2A5E220C008E9F92 /* Preview Assets.xcassets in Resources */ = {isa = PBXBuildFile; fileRef = EB0706DD2A5E220C008E9F92 /* Preview Assets.xcassets */; };
		EB0706E82A5E220C008E9F92 /* LearnIOSTests.swift in Sources */ = {isa = PBXBuildFile; fileRef = EB0706E72A5E220C008E9F92 /* LearnIOSTests.swift */; };
		EB0706F22A5E220C008E9F92 /* LearnIOSUITests.swift in Sources */ = {isa = PBXBuildFile; fileRef = EB0706F12A5E220C008E9F92 /* LearnIOSUITests.swift */; };
		EB0706F42A5E220C008E9F92 /* LearnIOSUITestsLaunchTests.swift in Sources */ = {isa = PBXBuildFile; fileRef = EB0706F32A5E220C008E9F92 /* LearnIOSUITestsLaunchTests.swift */; };
		EB0707032A5E225D008E9F92 /* ContentView.swift in Sources */ = {isa = PBXBuildFile; fileRef = EB0706D82A5E220A008E9F92 /* ContentView.swift */; };
/* End PBXBuildFile section */

/* Begin PBXContainerItemProxy section */
		EB0706E42A5E220C008E9F92 /* PBXContainerItemProxy */ = {
			isa = PBXContainerItemProxy;
			containerPortal = EB0706CB2A5E220A008E9F92 /* Project object */;
			proxyType = 1;
			remoteGlobalIDString = EB0706D22A5E220A008E9F92;
			remoteInfo = LearnIOS;
		};
		EB0706EE2A5E220C008E9F92 /* PBXContainerItemProxy */ = {
			isa = PBXContainerItemProxy;
			containerPortal = EB0706CB2A5E220A008E9F92 /* Project object */;
			proxyType = 1;
			remoteGlobalIDString = EB0706D22A5E220A008E9F92;
			remoteInfo = LearnIOS;
		};
/* End PBXContainerItemProxy section */

/* Begin PBXFileReference section */
		EB0706D32A5E220A008E9F92 /* LearnIOS.app */ = {isa = PBXFileReference; explicitFileType = wrapper.application; includeInIndex = 0; path = LearnIOS.app; sourceTree = BUILT_PRODUCTS_DIR; };
		EB0706D62A5E220A008E9F92 /* LearnIOSApp.swift */ = {isa = PBXFileReference; lastKnownFileType = sourcecode.swift; path = LearnIOSApp.swift; sourceTree = "<group>"; };
		EB0706D82A5E220A008E9F92 /* ContentView.swift */ = {isa = PBXFileReference; lastKnownFileType = sourcecode.swift; path = ContentView.swift; sourceTree = "<group>"; };
		EB0706DA2A5E220C008E9F92 /* Assets.xcassets */ = {isa = PBXFileReference; lastKnownFileType = folder.assetcatalog; path = Assets.xcassets; sourceTree = "<group>"; };
		EB0706DD2A5E220C008E9F92 /* Preview Assets.xcassets */ = {isa = PBXFileReference; lastKnownFileType = folder.assetcatalog; path = "Preview Assets.xcassets"; sourceTree = "<group>"; };
		EB0706E32A5E220C008E9F92 /* LearnIOSTests.xctest */ = {isa = PBXFileReference; explicitFileType = wrapper.cfbundle; includeInIndex = 0; path = LearnIOSTests.xctest; sourceTree = BUILT_PRODUCTS_DIR; };
		EB0706E72A5E220C008E9F92 /* LearnIOSTests.swift */ = {isa = PBXFileReference; lastKnownFileType = sourcecode.swift; path = LearnIOSTests.swift; sourceTree = "<group>"; };
		EB0706ED2A5E220C008E9F92 /* LearnIOSUITests.xctest */ = {isa = PBXFileReference; explicitFileType = wrapper.cfbundle; includeInIndex = 0; path = LearnIOSUITests.xctest; sourceTree = BUILT_PRODUCTS_DIR; };
		EB0706F12A5E220C008E9F92 /* LearnIOSUITests.swift */ = {isa = PBXFileReference; lastKnownFileType = sourcecode.swift; path = LearnIOSUITests.swift; sourceTree = "<group>"; };
		EB0706F32A5E220C008E9F92 /* LearnIOSUITestsLaunchTests.swift */ = {isa = PBXFileReference; lastKnownFileType = sourcecode.swift; path = LearnIOSUITestsLaunchTests.swift; sourceTree = "<group>"; };
/* End PBXFileReference section */

/* Begin PBXFrameworksBuildPhase section */
		EB0706D02A5E220A008E9F92 /* Frameworks */ = {
			isa = PBXFrameworksBuildPhase;
			buildActionMask = 2147483647;
			files = (
			);
			runOnlyForDeploymentPostprocessing = 0;
		};
		EB0706E02A5E220C008E9F92 /* Frameworks */ = {
			isa = PBXFrameworksBuildPhase;
			buildActionMask = 2147483647;
			files = (
			);
			runOnlyForDeploymentPostprocessing = 0;
		};
		EB0706EA2A5E220C008E9F92 /* Frameworks */ = {
			isa = PBXFrameworksBuildPhase;
			buildActionMask = 2147483647;
			files = (
			);
			runOnlyForDeploymentPostprocessing = 0;
		};
/* End PBXFrameworksBuildPhase section */

/* Begin PBXGroup section */
		EB0706CA2A5E220A008E9F92 = {
			isa = PBXGroup;
			children = (
				EB0706D52A5E220A008E9F92 /* LearnIOS */,
				EB0706E62A5E220C008E9F92 /* LearnIOSTests */,
				EB0706F02A5E220C008E9F92 /* LearnIOSUITests */,
				EB0706D42A5E220A008E9F92 /* Products */,
			);
			sourceTree = "<group>";
		};
		EB0706D42A5E220A008E9F92 /* Products */ = {
			isa = PBXGroup;
			children = (
				EB0706D32A5E220A008E9F92 /* LearnIOS.app */,
				EB0706E32A5E220C008E9F92 /* LearnIOSTests.xctest */,
				EB0706ED2A5E220C008E9F92 /* LearnIOSUITests.xctest */,
			);
			name = Products;
			sourceTree = "<group>";
		};
		EB0706D52A5E220A008E9F92 /* LearnIOS */ = {
			isa = PBXGroup;
			children = (
				EB0706D62A5E220A008E9F92 /* LearnIOSApp.swift */,
				EB0706D82A5E220A008E9F92 /* ContentView.swift */,
				EB0706DA2A5E220C008E9F92 /* Assets.xcassets */,
				EB0706DC2A5E220C008E9F92 /* Preview Content */,
			);
			path = LearnIOS;
			sourceTree = "<group>";
		};
		EB0706DC2A5E220C008E9F92 /* Preview Content */ = {
			isa = PBXGroup;
			children = (
				EB0706DD2A5E220C008E9F92 /* Preview Assets.xcassets */,
			);
			path = "Preview Content";
			sourceTree = "<group>";
		};
		EB0706E62A5E220C008E9F92 /* LearnIOSTests */ = {
			isa = PBXGroup;
			children = (
				EB0706E72A5E220C008E9F92 /* LearnIOSTests.swift */,
			);
			path = LearnIOSTests;
			sourceTree = "<group>";
		};
		EB0706F02A5E220C008E9F92 /* LearnIOSUITests */ = {
			isa = PBXGroup;
			children = (
				EB0706F12A5E220C008E9F92 /* LearnIOSUITests.swift */,
				EB0706F32A5E220C008E9F92 /* LearnIOSUITestsLaunchTests.swift */,
			);
			path = LearnIOSUITests;
			sourceTree = "<group>";
		};
/* End PBXGroup section */

/* Begin PBXNativeTarget section */
		EB0706D22A5E220A008E9F92 /* LearnIOS */ = {
			isa = PBXNativeTarget;
			buildConfigurationList = EB0706F72A5E220C008E9F92 /* Build configuration list for PBXNativeTarget "LearnIOS" */;
			buildPhases = (
				EB0706CF2A5E220A008E9F92 /* Sources */,
				EB0706D02A5E220A008E9F92 /* Frameworks */,
				EB0706D12A5E220A008E9F92 /* Resources */,
			);
			buildRules = (
			);
			dependencies = (
			);
			name = LearnIOS;
			productName = LearnIOS;
			productReference = EB0706D32A5E220A008E9F92 /* LearnIOS.app */;
			productType = "com.apple.product-type.application";
		};
		EB0706E22A5E220C008E9F92 /* LearnIOSTests */ = {
			isa = PBXNativeTarget;
			buildConfigurationList = EB0706FA2A5E220C008E9F92 /* Build configuration list for PBXNativeTarget "LearnIOSTests" */;
			buildPhases = (
				EB0706DF2A5E220C008E9F92 /* Sources */,
				EB0706E02A5E220C008E9F92 /* Frameworks */,
				EB0706E12A5E220C008E9F92 /* Resources */,
			);
			buildRules = (
			);
			dependencies = (
				EB0706E52A5E220C008E9F92 /* PBXTargetDependency */,
			);
			name = LearnIOSTests;
			productName = LearnIOSTests;
			productReference = EB0706E32A5E220C008E9F92 /* LearnIOSTests.xctest */;
			productType = "com.apple.product-type.bundle.unit-test";
		};
		EB0706EC2A5E220C008E9F92 /* LearnIOSUITests */ = {
			isa = PBXNativeTarget;
			buildConfigurationList = EB0706FD2A5E220C008E9F92 /* Build configuration list for PBXNativeTarget "LearnIOSUITests" */;
			buildPhases = (
				EB0706E92A5E220C008E9F92 /* Sources */,
				EB0706EA2A5E220C008E9F92 /* Frameworks */,
				EB0706EB2A5E220C008E9F92 /* Resources */,
			);
			buildRules = (
			);
			dependencies = (
				EB0706EF2A5E220C008E9F92 /* PBXTargetDependency */,
			);
			name = LearnIOSUITests;
			productName = LearnIOSUITests;
			productReference = EB0706ED2A5E220C008E9F92 /* LearnIOSUITests.xctest */;
			productType = "com.apple.product-type.bundle.ui-testing";
		};
/* End PBXNativeTarget section */

/* Begin PBXProject section */
		EB0706CB2A5E220A008E9F92 /* Project object */ = {
			isa = PBXProject;
			attributes = {
				BuildIndependentTargetsInParallel = 1;
				LastSwiftUpdateCheck = 1420;
				LastUpgradeCheck = 1420;
				TargetAttributes = {
					EB0706D22A5E220A008E9F92 = {
						CreatedOnToolsVersion = 14.2;
					};
					EB0706E22A5E220C008E9F92 = {
						CreatedOnToolsVersion = 14.2;
						TestTargetID = EB0706D22A5E220A008E9F92;
					};
					EB0706EC2A5E220C008E9F92 = {
						CreatedOnToolsVersion = 14.2;
						TestTargetID = EB0706D22A5E220A008E9F92;
					};
				};
			};
			buildConfigurationList = EB0706CE2A5E220A008E9F92 /* Build configuration list for PBXProject "LearnIOS" */;
			compatibilityVersion = "Xcode 14.0";
			developmentRegion = en;
			hasScannedForEncodings = 0;
			knownRegions = (
				en,
				Base,
			);
			mainGroup = EB0706CA2A5E220A008E9F92;
			productRefGroup = EB0706D42A5E220A008E9F92 /* Products */;
			projectDirPath = "";
			projectRoot = "";
			targets = (
				EB0706D22A5E220A008E9F92 /* LearnIOS */,
				EB0706E22A5E220C008E9F92 /* LearnIOSTests */,
				EB0706EC2A5E220C008E9F92 /* LearnIOSUITests */,
			);
		};
/* End PBXProject section */

/* Begin PBXResourcesBuildPhase section */
		EB0706D12A5E220A008E9F92 /* Resources */ = {
			isa = PBXResourcesBuildPhase;
			buildActionMask = 2147483647;
			files = (
				EB0706DE2A5E220C008E9F92 /* Preview Assets.xcassets in Resources */,
				EB0706DB2A5E220C008E9F92 /* Assets.xcassets in Resources */,
			);
			runOnlyForDeploymentPostprocessing = 0;
		};
		EB0706E12A5E220C008E9F92 /* Resources */ = {
			isa = PBXResourcesBuildPhase;
			buildActionMask = 2147483647;
			files = (
			);
			runOnlyForDeploymentPostprocessing = 0;
		};
		EB0706EB2A5E220C008E9F92 /* Resources */ = {
			isa = PBXResourcesBuildPhase;
			buildActionMask = 2147483647;
			files = (
			);
			runOnlyForDeploymentPostprocessing = 0;
		};
/* End PBXResourcesBuildPhase section */

/* Begin PBXSourcesBuildPhase section */
		EB0706CF2A5E220A008E9F92 /* Sources */ = {
			isa = PBXSourcesBuildPhase;
			buildActionMask = 2147483647;
			files = (
				EB0707032A5E225D008E9F92 /* ContentView.swift in Sources */,
				EB0706D72A5E220A008E9F92 /* LearnIOSApp.swift in Sources */,
			);
			runOnlyForDeploymentPostprocessing = 0;
		};
		EB0706DF2A5E220C008E9F92 /* Sources */ = {
			isa = PBXSourcesBuildPhase;
			buildActionMask = 2147483647;
			files = (
				EB0706E82A5E220C008E9F92 /* LearnIOSTests.swift in Sources */,
			);
			runOnlyForDeploymentPostprocessing = 0;
		};
		EB0706E92A5E220C008E9F92 /* Sources */ = {
			isa = PBXSourcesBuildPhase;
			buildActionMask = 2147483647;
			files = (
				EB0706F42A5E220C008E9F92 /* LearnIOSUITestsLaunchTests.swift in Sources */,
				EB0706F22A5E220C008E9F92 /* LearnIOSUITests.swift in Sources */,
			);
			runOnlyForDeploymentPostprocessing = 0;
		};
/* End PBXSourcesBuildPhase section */

/* Begin PBXTargetDependency section */
		EB0706E52A5E220C008E9F92 /* PBXTargetDependency */ = {
			isa = PBXTargetDependency;
			target = EB0706D22A5E220A008E9F92 /* LearnIOS */;
			targetProxy = EB0706E42A5E220C008E9F92 /* PBXContainerItemProxy */;
		};
		EB0706EF2A5E220C008E9F92 /* PBXTargetDependency */ = {
			isa = PBXTargetDependency;
			target = EB0706D22A5E220A008E9F92 /* LearnIOS */;
			targetProxy = EB0706EE2A5E220C008E9F92 /* PBXContainerItemProxy */;
		};
/* End PBXTargetDependency section */

/* Begin XCBuildConfiguration section */
		EB0706F52A5E220C008E9F92 /* Debug */ = {
			isa = XCBuildConfiguration;
			buildSettings = {
				ALWAYS_SEARCH_USER_PATHS = NO;
				CLANG_ANALYZER_NONNULL = YES;
				CLANG_ANALYZER_NUMBER_OBJECT_CONVERSION = YES_AGGRESSIVE;
				CLANG_CXX_LANGUAGE_STANDARD = "gnu++20";
				CLANG_ENABLE_MODULES = YES;
				CLANG_ENABLE_OBJC_ARC = YES;
				CLANG_ENABLE_OBJC_WEAK = YES;
				CLANG_WARN_BLOCK_CAPTURE_AUTORELEASING = YES;
				CLANG_WARN_BOOL_CONVERSION = YES;
				CLANG_WARN_COMMA = YES;
				CLANG_WARN_CONSTANT_CONVERSION = YES;
				CLANG_WARN_DEPRECATED_OBJC_IMPLEMENTATIONS = YES;
				CLANG_WARN_DIRECT_OBJC_ISA_USAGE = YES_ERROR;
				CLANG_WARN_DOCUMENTATION_COMMENTS = YES;
				CLANG_WARN_EMPTY_BODY = YES;
				CLANG_WARN_ENUM_CONVERSION = YES;
				CLANG_WARN_INFINITE_RECURSION = YES;
				CLANG_WARN_INT_CONVERSION = YES;
				CLANG_WARN_NON_LITERAL_NULL_CONVERSION = YES;
				CLANG_WARN_OBJC_IMPLICIT_RETAIN_SELF = YES;
				CLANG_WARN_OBJC_LITERAL_CONVERSION = YES;
				CLANG_WARN_OBJC_ROOT_CLASS = YES_ERROR;
				CLANG_WARN_QUOTED_INCLUDE_IN_FRAMEWORK_HEADER = YES;
				CLANG_WARN_RANGE_LOOP_ANALYSIS = YES;
				CLANG_WARN_STRICT_PROTOTYPES = YES;
				CLANG_WARN_SUSPICIOUS_MOVE = YES;
				CLANG_WARN_UNGUARDED_AVAILABILITY = YES_AGGRESSIVE;
				CLANG_WARN_UNREACHABLE_CODE = YES;
				CLANG_WARN__DUPLICATE_METHOD_MATCH = YES;
				COPY_PHASE_STRIP = NO;
				DEBUG_INFORMATION_FORMAT = dwarf;
				ENABLE_STRICT_OBJC_MSGSEND = YES;
				ENABLE_TESTABILITY = YES;
				GCC_C_LANGUAGE_STANDARD = gnu11;
				GCC_DYNAMIC_NO_PIC = NO;
				GCC_NO_COMMON_BLOCKS = YES;
				GCC_OPTIMIZATION_LEVEL = 0;
				GCC_PREPROCESSOR_DEFINITIONS = (
					"DEBUG=1",
					"$(inherited)",
				);
				GCC_WARN_64_TO_32_BIT_CONVERSION = YES;
				GCC_WARN_ABOUT_RETURN_TYPE = YES_ERROR;
				GCC_WARN_UNDECLARED_SELECTOR = YES;
				GCC_WARN_UNINITIALIZED_AUTOS = YES_AGGRESSIVE;
				GCC_WARN_UNUSED_FUNCTION = YES;
				GCC_WARN_UNUSED_VARIABLE = YES;
				IPHONEOS_DEPLOYMENT_TARGET = 16.2;
				MTL_ENABLE_DEBUG_INFO = INCLUDE_SOURCE;
				MTL_FAST_MATH = YES;
				ONLY_ACTIVE_ARCH = YES;
				SDKROOT = iphoneos;
				SWIFT_ACTIVE_COMPILATION_CONDITIONS = DEBUG;
				SWIFT_OPTIMIZATION_LEVEL = "-Onone";
			};
			name = Debug;
		};
		EB0706F62A5E220C008E9F92 /* Release */ = {
			isa = XCBuildConfiguration;
			buildSettings = {
				ALWAYS_SEARCH_USER_PATHS = NO;
				CLANG_ANALYZER_NONNULL = YES;
				CLANG_ANALYZER_NUMBER_OBJECT_CONVERSION = YES_AGGRESSIVE;
				CLANG_CXX_LANGUAGE_STANDARD = "gnu++20";
				CLANG_ENABLE_MODULES = YES;
				CLANG_ENABLE_OBJC_ARC = YES;
				CLANG_ENABLE_OBJC_WEAK = YES;
				CLANG_WARN_BLOCK_CAPTURE_AUTORELEASING = YES;
				CLANG_WARN_BOOL_CONVERSION = YES;
				CLANG_WARN_COMMA = YES;
				CLANG_WARN_CONSTANT_CONVERSION = YES;
				CLANG_WARN_DEPRECATED_OBJC_IMPLEMENTATIONS = YES;
				CLANG_WARN_DIRECT_OBJC_ISA_USAGE = YES_ERROR;
				CLANG_WARN_DOCUMENTATION_COMMENTS = YES;
				CLANG_WARN_EMPTY_BODY = YES;
				CLANG_WARN_ENUM_CONVERSION = YES;
				CLANG_WARN_INFINITE_RECURSION = YES;
				CLANG_WARN_INT_CONVERSION = YES;
				CLANG_WARN_NON_LITERAL_NULL_CONVERSION = YES;
				CLANG_WARN_OBJC_IMPLICIT_RETAIN_SELF = YES;
				CLANG_WARN_OBJC_LITERAL_CONVERSION = YES;
				CLANG_WARN_OBJC_ROOT_CLASS = YES_ERROR;
				CLANG_WARN_QUOTED_INCLUDE_IN_FRAMEWORK_HEADER = YES;
				CLANG_WARN_RANGE_LOOP_ANALYSIS = YES;
				CLANG_WARN_STRICT_PROTOTYPES = YES;
				CLANG_WARN_SUSPICIOUS_MOVE = YES;
				CLANG_WARN_UNGUARDED_AVAILABILITY = YES_AGGRESSIVE;
				CLANG_WARN_UNREACHABLE_CODE = YES;
				CLANG_WARN__DUPLICATE_METHOD_MATCH = YES;
				COPY_PHASE_STRIP = NO;
				DEBUG_INFORMATION_FORMAT = "dwarf-with-dsym";
				ENABLE_NS_ASSERTIONS = NO;
				ENABLE_STRICT_OBJC_MSGSEND = YES;
				GCC_C_LANGUAGE_STANDARD = gnu11;
				GCC_NO_COMMON_BLOCKS = YES;
				GCC_WARN_64_TO_32_BIT_CONVERSION = YES;
				GCC_WARN_ABOUT_RETURN_TYPE = YES_ERROR;
				GCC_WARN_UNDECLARED_SELECTOR = YES;
				GCC_WARN_UNINITIALIZED_AUTOS = YES_AGGRESSIVE;
				GCC_WARN_UNUSED_FUNCTION = YES;
				GCC_WARN_UNUSED_VARIABLE = YES;
				IPHONEOS_DEPLOYMENT_TARGET = 16.2;
				MTL_ENABLE_DEBUG_INFO = NO;
				MTL_FAST_MATH = YES;
				SDKROOT = iphoneos;
				SWIFT_COMPILATION_MODE = wholemodule;
				SWIFT_OPTIMIZATION_LEVEL = "-O";
				VALIDATE_PRODUCT = YES;
			};
			name = Release;
		};
		EB0706F82A5E220C008E9F92 /* Debug */ = {
			isa = XCBuildConfiguration;
			buildSettings = {
				ASSETCATALOG_COMPILER_APPICON_NAME = AppIcon;
				ASSETCATALOG_COMPILER_GLOBAL_ACCENT_COLOR_NAME = AccentColor;
				CODE_SIGN_STYLE = Automatic;
				CURRENT_PROJECT_VERSION = 1;
				DEVELOPMENT_ASSET_PATHS = "\"LearnIOS/Preview Content\"";
				DEVELOPMENT_TEAM = 9FLCCY5N9G;
				ENABLE_PREVIEWS = YES;
				GENERATE_INFOPLIST_FILE = YES;
				INFOPLIST_KEY_UIApplicationSceneManifest_Generation = YES;
				INFOPLIST_KEY_UIApplicationSupportsIndirectInputEvents = YES;
				INFOPLIST_KEY_UILaunchScreen_Generation = YES;
				INFOPLIST_KEY_UISupportedInterfaceOrientations_iPad = "UIInterfaceOrientationPortrait UIInterfaceOrientationPortraitUpsideDown UIInterfaceOrientationLandscapeLeft UIInterfaceOrientationLandscapeRight";
				INFOPLIST_KEY_UISupportedInterfaceOrientations_iPhone = "UIInterfaceOrientationPortrait UIInterfaceOrientationLandscapeLeft UIInterfaceOrientationLandscapeRight";
				LD_RUNPATH_SEARCH_PATHS = (
					"$(inherited)",
					"@executable_path/Frameworks",
				);
				MARKETING_VERSION = 1.0;
				PRODUCT_BUNDLE_IDENTIFIER = com.leaphorizon.LearnIOS;
				PRODUCT_NAME = "$(TARGET_NAME)";
				SWIFT_EMIT_LOC_STRINGS = YES;
				SWIFT_VERSION = 5.0;
				TARGETED_DEVICE_FAMILY = "1,2";
			};
			name = Debug;
		};
		EB0706F92A5E220C008E9F92 /* Release */ = {
			isa = XCBuildConfiguration;
			buildSettings = {
				ASSETCATALOG_COMPILER_APPICON_NAME = AppIcon;
				ASSETCATALOG_COMPILER_GLOBAL_ACCENT_COLOR_NAME = AccentColor;
				CODE_SIGN_STYLE = Automatic;
				CURRENT_PROJECT_VERSION = 1;
				DEVELOPMENT_ASSET_PATHS = "\"LearnIOS/Preview Content\"";
				DEVELOPMENT_TEAM = 9FLCCY5N9G;
				ENABLE_PREVIEWS = YES;
				GENERATE_INFOPLIST_FILE = YES;
				INFOPLIST_KEY_UIApplicationSceneManifest_Generation = YES;
				INFOPLIST_KEY_UIApplicationSupportsIndirectInputEvents = YES;
				INFOPLIST_KEY_UILaunchScreen_Generation = YES;
				INFOPLIST_KEY_UISupportedInterfaceOrientations_iPad = "UIInterfaceOrientationPortrait UIInterfaceOrientationPortraitUpsideDown UIInterfaceOrientationLandscapeLeft UIInterfaceOrientationLandscapeRight";
				INFOPLIST_KEY_UISupportedInterfaceOrientations_iPhone = "UIInterfaceOrientationPortrait UIInterfaceOrientationLandscapeLeft UIInterfaceOrientationLandscapeRight";
				LD_RUNPATH_SEARCH_PATHS = (
					"$(inherited)",
					"@executable_path/Frameworks",
				);
				MARKETING_VERSION = 1.0;
				PRODUCT_BUNDLE_IDENTIFIER = com.leaphorizon.LearnIOS;
				PRODUCT_NAME = "$(TARGET_NAME)";
				SWIFT_EMIT_LOC_STRINGS = YES;
				SWIFT_VERSION = 5.0;
				TARGETED_DEVICE_FAMILY = "1,2";
			};
			name = Release;
		};
		EB0706FB2A5E220C008E9F92 /* Debug */ = {
			isa = XCBuildConfiguration;
			buildSettings = {
				ALWAYS_EMBED_SWIFT_STANDARD_LIBRARIES = YES;
				BUNDLE_LOADER = "$(TEST_HOST)";
				CODE_SIGN_STYLE = Automatic;
				CURRENT_PROJECT_VERSION = 1;
				DEVELOPMENT_TEAM = 9FLCCY5N9G;
				GENERATE_INFOPLIST_FILE = YES;
				IPHONEOS_DEPLOYMENT_TARGET = 16.2;
				MARKETING_VERSION = 1.0;
				PRODUCT_BUNDLE_IDENTIFIER = com.leaphorizon.LearnIOSTests;
				PRODUCT_NAME = "$(TARGET_NAME)";
				SWIFT_EMIT_LOC_STRINGS = NO;
				SWIFT_VERSION = 5.0;
				TARGETED_DEVICE_FAMILY = "1,2";
				TEST_HOST = "$(BUILT_PRODUCTS_DIR)/LearnIOS.app/$(BUNDLE_EXECUTABLE_FOLDER_PATH)/LearnIOS";
			};
			name = Debug;
		};
		EB0706FC2A5E220C008E9F92 /* Release */ = {
			isa = XCBuildConfiguration;
			buildSettings = {
				ALWAYS_EMBED_SWIFT_STANDARD_LIBRARIES = YES;
				BUNDLE_LOADER = "$(TEST_HOST)";
				CODE_SIGN_STYLE = Automatic;
				CURRENT_PROJECT_VERSION = 1;
				DEVELOPMENT_TEAM = 9FLCCY5N9G;
				GENERATE_INFOPLIST_FILE = YES;
				IPHONEOS_DEPLOYMENT_TARGET = 16.2;
				MARKETING_VERSION = 1.0;
				PRODUCT_BUNDLE_IDENTIFIER = com.leaphorizon.LearnIOSTests;
				PRODUCT_NAME = "$(TARGET_NAME)";
				SWIFT_EMIT_LOC_STRINGS = NO;
				SWIFT_VERSION = 5.0;
				TARGETED_DEVICE_FAMILY = "1,2";
				TEST_HOST = "$(BUILT_PRODUCTS_DIR)/LearnIOS.app/$(BUNDLE_EXECUTABLE_FOLDER_PATH)/LearnIOS";
			};
			name = Release;
		};
		EB0706FE2A5E220C008E9F92 /* Debug */ = {
			isa = XCBuildConfiguration;
			buildSettings = {
				ALWAYS_EMBED_SWIFT_STANDARD_LIBRARIES = YES;
				CODE_SIGN_STYLE = Automatic;
				CURRENT_PROJECT_VERSION = 1;
				DEVELOPMENT_TEAM = 9FLCCY5N9G;
				GENERATE_INFOPLIST_FILE = YES;
				MARKETING_VERSION = 1.0;
				PRODUCT_BUNDLE_IDENTIFIER = com.leaphorizon.LearnIOSUITests;
				PRODUCT_NAME = "$(TARGET_NAME)";
				SWIFT_EMIT_LOC_STRINGS = NO;
				SWIFT_VERSION = 5.0;
				TARGETED_DEVICE_FAMILY = "1,2";
				TEST_TARGET_NAME = LearnIOS;
			};
			name = Debug;
		};
		EB0706FF2A5E220C008E9F92 /* Release */ = {
			isa = XCBuildConfiguration;
			buildSettings = {
				ALWAYS_EMBED_SWIFT_STANDARD_LIBRARIES = YES;
				CODE_SIGN_STYLE = Automatic;
				CURRENT_PROJECT_VERSION = 1;
				DEVELOPMENT_TEAM = 9FLCCY5N9G;
				GENERATE_INFOPLIST_FILE = YES;
				MARKETING_VERSION = 1.0;
				PRODUCT_BUNDLE_IDENTIFIER = com.leaphorizon.LearnIOSUITests;
				PRODUCT_NAME = "$(TARGET_NAME)";
				SWIFT_EMIT_LOC_STRINGS = NO;
				SWIFT_VERSION = 5.0;
				TARGETED_DEVICE_FAMILY = "1,2";
				TEST_TARGET_NAME = LearnIOS;
			};
			name = Release;
		};
/* End XCBuildConfiguration section */

/* Begin XCConfigurationList section */
		EB0706CE2A5E220A008E9F92 /* Build configuration list for PBXProject "LearnIOS" */ = {
			isa = XCConfigurationList;
			buildConfigurations = (
				EB0706F52A5E220C008E9F92 /* Debug */,
				EB0706F62A5E220C008E9F92 /* Release */,
			);
			defaultConfigurationIsVisible = 0;
			defaultConfigurationName = Release;
		};
		EB0706F72A5E220C008E9F92 /* Build configuration list for PBXNativeTarget "LearnIOS" */ = {
			isa = XCConfigurationList;
			buildConfigurations = (
				EB0706F82A5E220C008E9F92 /* Debug */,
				EB0706F92A5E220C008E9F92 /* Release */,
			);
			defaultConfigurationIsVisible = 0;
			defaultConfigurationName = Release;
		};
		EB0706FA2A5E220C008E9F92 /* Build configuration list for PBXNativeTarget "LearnIOSTests" */ = {
			isa = XCConfigurationList;
			buildConfigurations = (
				EB0706FB2A5E220C008E9F92 /* Debug */,
				EB0706FC2A5E220C008E9F92 /* Release */,
			);
			defaultConfigurationIsVisible = 0;
			defaultConfigurationName = Release;
		};
		EB0706FD2A5E220C008E9F92 /* Build configuration list for PBXNativeTarget "LearnIOSUITests" */ = {
			isa = XCConfigurationList;
			buildConfigurations = (
				EB0706FE2A5E220C008E9F92 /* Debug */,
				EB0706FF2A5E220C008E9F92 /* Release */,
			);
			defaultConfigurationIsVisible = 0;
			defaultConfigurationName = Release;
		};
/* End XCConfigurationList section */
	};
	rootObject = EB0706CB2A5E220A008E9F92 /* Project object */;
}
